
Microsoft Visual Studio Solution File, Format Version 12.00
# Visual Studio Version 16
VisualStudioVersion = 16.0.29503.13
MinimumVisualStudioVersion = 10.0.40219.1
Project("{FAE04EC0-301F-11D3-BF4B-00C04F79EFBC}") = "StaticConversorFarenheithCelsius", "StaticConversorFarenheithCelsius.csproj", "{B0A9EBD4-0C32-4E32-B798-D9F0124A3AFD}"
EndProject
Global
	GlobalSection(SolutionConfigurationPlatforms) = preSolution
		Debug|Any CPU = Debug|Any CPU
		Release|Any CPU = Release|Any CPU
	EndGlobalSection
	GlobalSection(ProjectConfigurationPlatforms) = postSolution
		{B0A9EBD4-0C32-4E32-B798-D9F0124A3AFD}.Debug|Any CPU.ActiveCfg = Debug|Any CPU
		{B0A9EBD4-0C32-4E32-B798-D9F0124A3AFD}.Debug|Any CPU.Build.0 = Debug|Any CPU
		{B0A9EBD4-0C32-4E32-B798-D9F0124A3AFD}.Release|Any CPU.ActiveCfg = Release|Any CPU
		{B0A9EBD4-0C32-4E32-B798-D9F0124A3AFD}.Release|Any CPU.Build.0 = Release|Any CPU
	EndGlobalSection
	GlobalSection(SolutionProperties) = preSolution
		HideSolutionNode = FALSE
	EndGlobalSection
	GlobalSection(ExtensibilityGlobals) = postSolution
		SolutionGuid = {98A5C43C-B279-4B7C-9AE0-95E20F029405}
	EndGlobalSection
EndGlobal
