
Microsoft Visual Studio Solution File, Format Version 12.00
# Visual Studio Version 16
VisualStudioVersion = 16.0.29411.108
MinimumVisualStudioVersion = 10.0.40219.1
Project("{FAE04EC0-301F-11D3-BF4B-00C04F79EFBC}") = "Recursividad", "Recursividad.csproj", "{7CE0EBBD-6536-4DB5-842C-E0537E9AB01E}"
EndProject
Global
	GlobalSection(SolutionConfigurationPlatforms) = preSolution
		Debug|Any CPU = Debug|Any CPU
		Release|Any CPU = Release|Any CPU
	EndGlobalSection
	GlobalSection(ProjectConfigurationPlatforms) = postSolution
		{7CE0EBBD-6536-4DB5-842C-E0537E9AB01E}.Debug|Any CPU.ActiveCfg = Debug|Any CPU
		{7CE0EBBD-6536-4DB5-842C-E0537E9AB01E}.Debug|Any CPU.Build.0 = Debug|Any CPU
		{7CE0EBBD-6536-4DB5-842C-E0537E9AB01E}.Release|Any CPU.ActiveCfg = Release|Any CPU
		{7CE0EBBD-6536-4DB5-842C-E0537E9AB01E}.Release|Any CPU.Build.0 = Release|Any CPU
	EndGlobalSection
	GlobalSection(SolutionProperties) = preSolution
		HideSolutionNode = FALSE
	EndGlobalSection
	GlobalSection(ExtensibilityGlobals) = postSolution
		SolutionGuid = {E0FAA353-C8E9-4C59-BEEB-040340236B49}
	EndGlobalSection
EndGlobal
