
Microsoft Visual Studio Solution File, Format Version 12.00
# Visual Studio Version 16
VisualStudioVersion = 16.0.29503.13
MinimumVisualStudioVersion = 10.0.40219.1
Project("{FAE04EC0-301F-11D3-BF4B-00C04F79EFBC}") = "Interficie1", "Interficie1.csproj", "{FF50BDC5-D772-4BDF-A0C4-D9998032586D}"
EndProject
Global
	GlobalSection(SolutionConfigurationPlatforms) = preSolution
		Debug|Any CPU = Debug|Any CPU
		Release|Any CPU = Release|Any CPU
	EndGlobalSection
	GlobalSection(ProjectConfigurationPlatforms) = postSolution
		{FF50BDC5-D772-4BDF-A0C4-D9998032586D}.Debug|Any CPU.ActiveCfg = Debug|Any CPU
		{FF50BDC5-D772-4BDF-A0C4-D9998032586D}.Debug|Any CPU.Build.0 = Debug|Any CPU
		{FF50BDC5-D772-4BDF-A0C4-D9998032586D}.Release|Any CPU.ActiveCfg = Release|Any CPU
		{FF50BDC5-D772-4BDF-A0C4-D9998032586D}.Release|Any CPU.Build.0 = Release|Any CPU
	EndGlobalSection
	GlobalSection(SolutionProperties) = preSolution
		HideSolutionNode = FALSE
	EndGlobalSection
	GlobalSection(ExtensibilityGlobals) = postSolution
		SolutionGuid = {1086E6F5-8F1F-452F-80B4-3414A785EEEC}
	EndGlobalSection
EndGlobal
