
Microsoft Visual Studio Solution File, Format Version 12.00
# Visual Studio Version 16
VisualStudioVersion = 16.0.29503.13
MinimumVisualStudioVersion = 10.0.40219.1
Project("{FAE04EC0-301F-11D3-BF4B-00C04F79EFBC}") = "ClaseAbstracta", "ClaseAbstracta.csproj", "{29C20802-EF36-4AA9-AE01-E78266E87F4E}"
EndProject
Global
	GlobalSection(SolutionConfigurationPlatforms) = preSolution
		Debug|Any CPU = Debug|Any CPU
		Release|Any CPU = Release|Any CPU
	EndGlobalSection
	GlobalSection(ProjectConfigurationPlatforms) = postSolution
		{29C20802-EF36-4AA9-AE01-E78266E87F4E}.Debug|Any CPU.ActiveCfg = Debug|Any CPU
		{29C20802-EF36-4AA9-AE01-E78266E87F4E}.Debug|Any CPU.Build.0 = Debug|Any CPU
		{29C20802-EF36-4AA9-AE01-E78266E87F4E}.Release|Any CPU.ActiveCfg = Release|Any CPU
		{29C20802-EF36-4AA9-AE01-E78266E87F4E}.Release|Any CPU.Build.0 = Release|Any CPU
	EndGlobalSection
	GlobalSection(SolutionProperties) = preSolution
		HideSolutionNode = FALSE
	EndGlobalSection
	GlobalSection(ExtensibilityGlobals) = postSolution
		SolutionGuid = {002D29A7-8B3B-4F9F-9D5E-4587F65D067A}
	EndGlobalSection
EndGlobal
