
Microsoft Visual Studio Solution File, Format Version 12.00
# Visual Studio Version 16
VisualStudioVersion = 16.0.29411.108
MinimumVisualStudioVersion = 10.0.40219.1
Project("{FAE04EC0-301F-11D3-BF4B-00C04F79EFBC}") = "MontseMod", "MontseMod.csproj", "{B67D864A-548F-4796-82A5-50F6A4C69E12}"
EndProject
Global
	GlobalSection(SolutionConfigurationPlatforms) = preSolution
		Debug|Any CPU = Debug|Any CPU
		Release|Any CPU = Release|Any CPU
	EndGlobalSection
	GlobalSection(ProjectConfigurationPlatforms) = postSolution
		{B67D864A-548F-4796-82A5-50F6A4C69E12}.Debug|Any CPU.ActiveCfg = Debug|Any CPU
		{B67D864A-548F-4796-82A5-50F6A4C69E12}.Debug|Any CPU.Build.0 = Debug|Any CPU
		{B67D864A-548F-4796-82A5-50F6A4C69E12}.Release|Any CPU.ActiveCfg = Release|Any CPU
		{B67D864A-548F-4796-82A5-50F6A4C69E12}.Release|Any CPU.Build.0 = Release|Any CPU
	EndGlobalSection
	GlobalSection(SolutionProperties) = preSolution
		HideSolutionNode = FALSE
	EndGlobalSection
	GlobalSection(ExtensibilityGlobals) = postSolution
		SolutionGuid = {41395C72-764B-41C9-8A20-0EEFDE6ACFE5}
	EndGlobalSection
EndGlobal
