
Microsoft Visual Studio Solution File, Format Version 12.00
# Visual Studio Version 16
VisualStudioVersion = 16.0.29411.108
MinimumVisualStudioVersion = 10.0.40219.1
Project("{FAE04EC0-301F-11D3-BF4B-00C04F79EFBC}") = "Promedio", "Promedio.csproj", "{527C7111-7FC5-4469-9955-1C7017863355}"
EndProject
Global
	GlobalSection(SolutionConfigurationPlatforms) = preSolution
		Debug|Any CPU = Debug|Any CPU
		Release|Any CPU = Release|Any CPU
	EndGlobalSection
	GlobalSection(ProjectConfigurationPlatforms) = postSolution
		{527C7111-7FC5-4469-9955-1C7017863355}.Debug|Any CPU.ActiveCfg = Debug|Any CPU
		{527C7111-7FC5-4469-9955-1C7017863355}.Debug|Any CPU.Build.0 = Debug|Any CPU
		{527C7111-7FC5-4469-9955-1C7017863355}.Release|Any CPU.ActiveCfg = Release|Any CPU
		{527C7111-7FC5-4469-9955-1C7017863355}.Release|Any CPU.Build.0 = Release|Any CPU
	EndGlobalSection
	GlobalSection(SolutionProperties) = preSolution
		HideSolutionNode = FALSE
	EndGlobalSection
	GlobalSection(ExtensibilityGlobals) = postSolution
		SolutionGuid = {1E50BB5B-A421-4D9D-A535-10DADB1B4AD0}
	EndGlobalSection
EndGlobal
