
Microsoft Visual Studio Solution File, Format Version 12.00
# Visual Studio Version 16
VisualStudioVersion = 16.0.29411.108
MinimumVisualStudioVersion = 10.0.40219.1
Project("{FAE04EC0-301F-11D3-BF4B-00C04F79EFBC}") = "EjercicioFacebook", "EjercicioFacebook.csproj", "{43BED044-4235-4805-A9F5-674573271AC4}"
EndProject
Global
	GlobalSection(SolutionConfigurationPlatforms) = preSolution
		Debug|Any CPU = Debug|Any CPU
		Release|Any CPU = Release|Any CPU
	EndGlobalSection
	GlobalSection(ProjectConfigurationPlatforms) = postSolution
		{43BED044-4235-4805-A9F5-674573271AC4}.Debug|Any CPU.ActiveCfg = Debug|Any CPU
		{43BED044-4235-4805-A9F5-674573271AC4}.Debug|Any CPU.Build.0 = Debug|Any CPU
		{43BED044-4235-4805-A9F5-674573271AC4}.Release|Any CPU.ActiveCfg = Release|Any CPU
		{43BED044-4235-4805-A9F5-674573271AC4}.Release|Any CPU.Build.0 = Release|Any CPU
	EndGlobalSection
	GlobalSection(SolutionProperties) = preSolution
		HideSolutionNode = FALSE
	EndGlobalSection
	GlobalSection(ExtensibilityGlobals) = postSolution
		SolutionGuid = {C99733F9-E5F8-469B-AADF-BC1822199D27}
	EndGlobalSection
EndGlobal
