
Microsoft Visual Studio Solution File, Format Version 12.00
# Visual Studio Version 16
VisualStudioVersion = 16.0.29411.108
MinimumVisualStudioVersion = 10.0.40219.1
Project("{FAE04EC0-301F-11D3-BF4B-00C04F79EFBC}") = "Clases", "Clases.csproj", "{8833CCF6-9E80-4542-9567-1AB8756C4AA7}"
EndProject
Global
	GlobalSection(SolutionConfigurationPlatforms) = preSolution
		Debug|Any CPU = Debug|Any CPU
		Release|Any CPU = Release|Any CPU
	EndGlobalSection
	GlobalSection(ProjectConfigurationPlatforms) = postSolution
		{8833CCF6-9E80-4542-9567-1AB8756C4AA7}.Debug|Any CPU.ActiveCfg = Debug|Any CPU
		{8833CCF6-9E80-4542-9567-1AB8756C4AA7}.Debug|Any CPU.Build.0 = Debug|Any CPU
		{8833CCF6-9E80-4542-9567-1AB8756C4AA7}.Release|Any CPU.ActiveCfg = Release|Any CPU
		{8833CCF6-9E80-4542-9567-1AB8756C4AA7}.Release|Any CPU.Build.0 = Release|Any CPU
	EndGlobalSection
	GlobalSection(SolutionProperties) = preSolution
		HideSolutionNode = FALSE
	EndGlobalSection
	GlobalSection(ExtensibilityGlobals) = postSolution
		SolutionGuid = {1D111745-18F1-4DE2-8C40-A26CDCB12656}
	EndGlobalSection
EndGlobal
