
Microsoft Visual Studio Solution File, Format Version 12.00
# Visual Studio Version 16
VisualStudioVersion = 16.0.29411.108
MinimumVisualStudioVersion = 10.0.40219.1
Project("{FAE04EC0-301F-11D3-BF4B-00C04F79EFBC}") = "Herencia1", "Herencia1.csproj", "{8DA49434-8C06-4C37-9E89-330B09F96FDB}"
EndProject
Global
	GlobalSection(SolutionConfigurationPlatforms) = preSolution
		Debug|Any CPU = Debug|Any CPU
		Release|Any CPU = Release|Any CPU
	EndGlobalSection
	GlobalSection(ProjectConfigurationPlatforms) = postSolution
		{8DA49434-8C06-4C37-9E89-330B09F96FDB}.Debug|Any CPU.ActiveCfg = Debug|Any CPU
		{8DA49434-8C06-4C37-9E89-330B09F96FDB}.Debug|Any CPU.Build.0 = Debug|Any CPU
		{8DA49434-8C06-4C37-9E89-330B09F96FDB}.Release|Any CPU.ActiveCfg = Release|Any CPU
		{8DA49434-8C06-4C37-9E89-330B09F96FDB}.Release|Any CPU.Build.0 = Release|Any CPU
	EndGlobalSection
	GlobalSection(SolutionProperties) = preSolution
		HideSolutionNode = FALSE
	EndGlobalSection
	GlobalSection(ExtensibilityGlobals) = postSolution
		SolutionGuid = {8DE49220-059E-4955-A8F5-1AD2DB40C987}
	EndGlobalSection
EndGlobal
