
Microsoft Visual Studio Solution File, Format Version 12.00
# Visual Studio Version 16
VisualStudioVersion = 16.0.29411.108
MinimumVisualStudioVersion = 10.0.40219.1
Project("{FAE04EC0-301F-11D3-BF4B-00C04F79EFBC}") = "ActividadesArray", "ActividadesArray.csproj", "{224D1351-7C55-49D7-A8B7-F6573DF8E882}"
EndProject
Global
	GlobalSection(SolutionConfigurationPlatforms) = preSolution
		Debug|Any CPU = Debug|Any CPU
		Release|Any CPU = Release|Any CPU
	EndGlobalSection
	GlobalSection(ProjectConfigurationPlatforms) = postSolution
		{224D1351-7C55-49D7-A8B7-F6573DF8E882}.Debug|Any CPU.ActiveCfg = Debug|Any CPU
		{224D1351-7C55-49D7-A8B7-F6573DF8E882}.Debug|Any CPU.Build.0 = Debug|Any CPU
		{224D1351-7C55-49D7-A8B7-F6573DF8E882}.Release|Any CPU.ActiveCfg = Release|Any CPU
		{224D1351-7C55-49D7-A8B7-F6573DF8E882}.Release|Any CPU.Build.0 = Release|Any CPU
	EndGlobalSection
	GlobalSection(SolutionProperties) = preSolution
		HideSolutionNode = FALSE
	EndGlobalSection
	GlobalSection(ExtensibilityGlobals) = postSolution
		SolutionGuid = {22465831-93D1-4D85-B4B9-D7095146A661}
	EndGlobalSection
EndGlobal
