
Microsoft Visual Studio Solution File, Format Version 12.00
# Visual Studio Version 16
VisualStudioVersion = 16.0.29411.108
MinimumVisualStudioVersion = 10.0.40219.1
Project("{FAE04EC0-301F-11D3-BF4B-00C04F79EFBC}") = "CronoCode", "CronoCode.csproj", "{6636363A-2227-4D5A-9EB5-A863675A2C79}"
EndProject
Global
	GlobalSection(SolutionConfigurationPlatforms) = preSolution
		Debug|Any CPU = Debug|Any CPU
		Release|Any CPU = Release|Any CPU
	EndGlobalSection
	GlobalSection(ProjectConfigurationPlatforms) = postSolution
		{6636363A-2227-4D5A-9EB5-A863675A2C79}.Debug|Any CPU.ActiveCfg = Debug|Any CPU
		{6636363A-2227-4D5A-9EB5-A863675A2C79}.Debug|Any CPU.Build.0 = Debug|Any CPU
		{6636363A-2227-4D5A-9EB5-A863675A2C79}.Release|Any CPU.ActiveCfg = Release|Any CPU
		{6636363A-2227-4D5A-9EB5-A863675A2C79}.Release|Any CPU.Build.0 = Release|Any CPU
	EndGlobalSection
	GlobalSection(SolutionProperties) = preSolution
		HideSolutionNode = FALSE
	EndGlobalSection
	GlobalSection(ExtensibilityGlobals) = postSolution
		SolutionGuid = {5970360C-7A34-417C-8DEF-947AD8A8FE5B}
	EndGlobalSection
EndGlobal
